// !$*UTF8*$!
{
	archiveVersion = 1;
	classes = {
	};
	objectVersion = 50;
	objects = {

/* Begin PBXBuildFile section */
		2CB963F6266742A3002509FC /* AppDelegate.swift in Sources */ = {isa = PBXBuildFile; fileRef = 2CB963F5266742A3002509FC /* AppDelegate.swift */; };
		2CB963F8266742A3002509FC /* SceneDelegate.swift in Sources */ = {isa = PBXBuildFile; fileRef = 2CB963F7266742A3002509FC /* SceneDelegate.swift */; };
		2CB963FC266742A5002509FC /* Assets.xcassets in Resources */ = {isa = PBXBuildFile; fileRef = 2CB963FB266742A5002509FC /* Assets.xcassets */; };
		2CB963FF266742A5002509FC /* Preview Assets.xcassets in Resources */ = {isa = PBXBuildFile; fileRef = 2CB963FE266742A5002509FC /* Preview Assets.xcassets */; };
		2CB96402266742A5002509FC /* LaunchScreen.storyboard in Resources */ = {isa = PBXBuildFile; fileRef = 2CB96400266742A5002509FC /* LaunchScreen.storyboard */; };
		2CB9641426675BD8002509FC /* varieties.json in Resources */ = {isa = PBXBuildFile; fileRef = 2CB9640A26675BD8002509FC /* varieties.json */; };
		2CB9641526675BD8002509FC /* InputVarietyView.swift in Sources */ = {isa = PBXBuildFile; fileRef = 2CB9640C26675BD8002509FC /* InputVarietyView.swift */; };
		2CB9641726675BD8002509FC /* CustomTextField.swift in Sources */ = {isa = PBXBuildFile; fileRef = 2CB9640E26675BD8002509FC /* CustomTextField.swift */; };
		2CB9641926675BD8002509FC /* LoadingIndicatorView.swift in Sources */ = {isa = PBXBuildFile; fileRef = 2CB9641026675BD8002509FC /* LoadingIndicatorView.swift */; };
		2CB9641A26675BD8002509FC /* ContentView.swift in Sources */ = {isa = PBXBuildFile; fileRef = 2CB9641126675BD8002509FC /* ContentView.swift */; };
		2CB9641B26675BD8002509FC /* ShareData.swift in Sources */ = {isa = PBXBuildFile; fileRef = 2CB9641326675BD8002509FC /* ShareData.swift */; };
		2CB9641F26675D9E002509FC /* InputByPickerTabView.swift in Sources */ = {isa = PBXBuildFile; fileRef = 2CB9641D26675D9E002509FC /* InputByPickerTabView.swift */; };
		2CB9642026675D9E002509FC /* InputByBarcodeReaderTabView.swift in Sources */ = {isa = PBXBuildFile; fileRef = 2CB9641E26675D9E002509FC /* InputByBarcodeReaderTabView.swift */; };
		2CB9642326686ABD002509FC /* CalculateCheckDigit.swift in Sources */ = {isa = PBXBuildFile; fileRef = 2CB9642226686ABD002509FC /* CalculateCheckDigit.swift */; };
/* End PBXBuildFile section */

/* Begin PBXFileReference section */
		2CB963F2266742A3002509FC /* Tomato_Automatic_Aggregation.app */ = {isa = PBXFileReference; explicitFileType = wrapper.application; includeInIndex = 0; path = Tomato_Automatic_Aggregation.app; sourceTree = BUILT_PRODUCTS_DIR; };
		2CB963F5266742A3002509FC /* AppDelegate.swift */ = {isa = PBXFileReference; lastKnownFileType = sourcecode.swift; path = AppDelegate.swift; sourceTree = "<group>"; };
		2CB963F7266742A3002509FC /* SceneDelegate.swift */ = {isa = PBXFileReference; lastKnownFileType = sourcecode.swift; path = SceneDelegate.swift; sourceTree = "<group>"; };
		2CB963FB266742A5002509FC /* Assets.xcassets */ = {isa = PBXFileReference; lastKnownFileType = folder.assetcatalog; path = Assets.xcassets; sourceTree = "<group>"; };
		2CB963FE266742A5002509FC /* Preview Assets.xcassets */ = {isa = PBXFileReference; lastKnownFileType = folder.assetcatalog; path = "Preview Assets.xcassets"; sourceTree = "<group>"; };
		2CB96401266742A5002509FC /* Base */ = {isa = PBXFileReference; lastKnownFileType = file.storyboard; name = Base; path = Base.lproj/LaunchScreen.storyboard; sourceTree = "<group>"; };
		2CB96403266742A5002509FC /* Info.plist */ = {isa = PBXFileReference; lastKnownFileType = text.plist.xml; path = Info.plist; sourceTree = "<group>"; };
		2CB9640A26675BD8002509FC /* varieties.json */ = {isa = PBXFileReference; fileEncoding = 4; lastKnownFileType = text.json; path = varieties.json; sourceTree = "<group>"; };
		2CB9640C26675BD8002509FC /* InputVarietyView.swift */ = {isa = PBXFileReference; fileEncoding = 4; lastKnownFileType = sourcecode.swift; path = InputVarietyView.swift; sourceTree = "<group>"; };
		2CB9640E26675BD8002509FC /* CustomTextField.swift */ = {isa = PBXFileReference; fileEncoding = 4; lastKnownFileType = sourcecode.swift; path = CustomTextField.swift; sourceTree = "<group>"; };
		2CB9641026675BD8002509FC /* LoadingIndicatorView.swift */ = {isa = PBXFileReference; fileEncoding = 4; lastKnownFileType = sourcecode.swift; path = LoadingIndicatorView.swift; sourceTree = "<group>"; };
		2CB9641126675BD8002509FC /* ContentView.swift */ = {isa = PBXFileReference; fileEncoding = 4; lastKnownFileType = sourcecode.swift; path = ContentView.swift; sourceTree = "<group>"; };
		2CB9641326675BD8002509FC /* ShareData.swift */ = {isa = PBXFileReference; fileEncoding = 4; lastKnownFileType = sourcecode.swift; path = ShareData.swift; sourceTree = "<group>"; };
		2CB9641D26675D9E002509FC /* InputByPickerTabView.swift */ = {isa = PBXFileReference; fileEncoding = 4; lastKnownFileType = sourcecode.swift; path = InputByPickerTabView.swift; sourceTree = "<group>"; };
		2CB9641E26675D9E002509FC /* InputByBarcodeReaderTabView.swift */ = {isa = PBXFileReference; fileEncoding = 4; lastKnownFileType = sourcecode.swift; path = InputByBarcodeReaderTabView.swift; sourceTree = "<group>"; };
		2CB9642226686ABD002509FC /* CalculateCheckDigit.swift */ = {isa = PBXFileReference; lastKnownFileType = sourcecode.swift; path = CalculateCheckDigit.swift; sourceTree = "<group>"; };
/* End PBXFileReference section */

/* Begin PBXFrameworksBuildPhase section */
		2CB963EF266742A3002509FC /* Frameworks */ = {
			isa = PBXFrameworksBuildPhase;
			buildActionMask = 2147483647;
			files = (
			);
			runOnlyForDeploymentPostprocessing = 0;
		};
/* End PBXFrameworksBuildPhase section */

/* Begin PBXGroup section */
		2CB963E9266742A3002509FC = {
			isa = PBXGroup;
			children = (
				2CB963F4266742A3002509FC /* Tomato_Automatic_Aggregation */,
				2CB963F3266742A3002509FC /* Products */,
			);
			sourceTree = "<group>";
		};
		2CB963F3266742A3002509FC /* Products */ = {
			isa = PBXGroup;
			children = (
				2CB963F2266742A3002509FC /* Tomato_Automatic_Aggregation.app */,
			);
			name = Products;
			sourceTree = "<group>";
		};
		2CB963F4266742A3002509FC /* Tomato_Automatic_Aggregation */ = {
			isa = PBXGroup;
			children = (
				2CB9642126686A15002509FC /* methods */,
				2CB9640926675BD8002509FC /* data */,
				2CB9641226675BD8002509FC /* Objects */,
				2CB9640B26675BD8002509FC /* View */,
				2CB963F5266742A3002509FC /* AppDelegate.swift */,
				2CB963F7266742A3002509FC /* SceneDelegate.swift */,
				2CB963FB266742A5002509FC /* Assets.xcassets */,
				2CB96400266742A5002509FC /* LaunchScreen.storyboard */,
				2CB96403266742A5002509FC /* Info.plist */,
				2CB963FD266742A5002509FC /* Preview Content */,
			);
			path = Tomato_Automatic_Aggregation;
			sourceTree = "<group>";
		};
		2CB963FD266742A5002509FC /* Preview Content */ = {
			isa = PBXGroup;
			children = (
				2CB963FE266742A5002509FC /* Preview Assets.xcassets */,
			);
			path = "Preview Content";
			sourceTree = "<group>";
		};
		2CB9640926675BD8002509FC /* data */ = {
			isa = PBXGroup;
			children = (
				2CB9640A26675BD8002509FC /* varieties.json */,
			);
			path = data;
			sourceTree = "<group>";
		};
		2CB9640B26675BD8002509FC /* View */ = {
			isa = PBXGroup;
			children = (
				2CB9641C26675D9E002509FC /* TabView */,
				2CB9640C26675BD8002509FC /* InputVarietyView.swift */,
				2CB9640E26675BD8002509FC /* CustomTextField.swift */,
				2CB9641026675BD8002509FC /* LoadingIndicatorView.swift */,
				2CB9641126675BD8002509FC /* ContentView.swift */,
			);
			path = View;
			sourceTree = "<group>";
		};
		2CB9641226675BD8002509FC /* Objects */ = {
			isa = PBXGroup;
			children = (
				2CB9641326675BD8002509FC /* ShareData.swift */,
			);
			path = Objects;
			sourceTree = "<group>";
		};
		2CB9641C26675D9E002509FC /* TabView */ = {
			isa = PBXGroup;
			children = (
				2CB9641D26675D9E002509FC /* InputByPickerTabView.swift */,
				2CB9641E26675D9E002509FC /* InputByBarcodeReaderTabView.swift */,
			);
			path = TabView;
			sourceTree = "<group>";
		};
		2CB9642126686A15002509FC /* methods */ = {
			isa = PBXGroup;
			children = (
				2CB9642226686ABD002509FC /* CalculateCheckDigit.swift */,
			);
			path = methods;
			sourceTree = "<group>";
		};
/* End PBXGroup section */

/* Begin PBXNativeTarget section */
		2CB963F1266742A3002509FC /* Tomato_Automatic_Aggregation */ = {
			isa = PBXNativeTarget;
			buildConfigurationList = 2CB96406266742A5002509FC /* Build configuration list for PBXNativeTarget "Tomato_Automatic_Aggregation" */;
			buildPhases = (
				2CB963EE266742A3002509FC /* Sources */,
				2CB963EF266742A3002509FC /* Frameworks */,
				2CB963F0266742A3002509FC /* Resources */,
			);
			buildRules = (
			);
			dependencies = (
			);
			name = Tomato_Automatic_Aggregation;
			productName = Tomato_Automatic_Aggregation;
			productReference = 2CB963F2266742A3002509FC /* Tomato_Automatic_Aggregation.app */;
			productType = "com.apple.product-type.application";
		};
/* End PBXNativeTarget section */

/* Begin PBXProject section */
		2CB963EA266742A3002509FC /* Project object */ = {
			isa = PBXProject;
			attributes = {
				LastSwiftUpdateCheck = 1250;
				LastUpgradeCheck = 1250;
				TargetAttributes = {
					2CB963F1266742A3002509FC = {
						CreatedOnToolsVersion = 12.5;
					};
				};
			};
			buildConfigurationList = 2CB963ED266742A3002509FC /* Build configuration list for PBXProject "Tomato_Automatic_Aggregation" */;
			compatibilityVersion = "Xcode 9.3";
			developmentRegion = en;
			hasScannedForEncodings = 0;
			knownRegions = (
				en,
				Base,
			);
			mainGroup = 2CB963E9266742A3002509FC;
			productRefGroup = 2CB963F3266742A3002509FC /* Products */;
			projectDirPath = "";
			projectRoot = "";
			targets = (
				2CB963F1266742A3002509FC /* Tomato_Automatic_Aggregation */,
			);
		};
/* End PBXProject section */

/* Begin PBXResourcesBuildPhase section */
		2CB963F0266742A3002509FC /* Resources */ = {
			isa = PBXResourcesBuildPhase;
			buildActionMask = 2147483647;
			files = (
				2CB96402266742A5002509FC /* LaunchScreen.storyboard in Resources */,
				2CB963FF266742A5002509FC /* Preview Assets.xcassets in Resources */,
				2CB9641426675BD8002509FC /* varieties.json in Resources */,
				2CB963FC266742A5002509FC /* Assets.xcassets in Resources */,
			);
			runOnlyForDeploymentPostprocessing = 0;
		};
/* End PBXResourcesBuildPhase section */

/* Begin PBXSourcesBuildPhase section */
		2CB963EE266742A3002509FC /* Sources */ = {
			isa = PBXSourcesBuildPhase;
			buildActionMask = 2147483647;
			files = (
				2CB9641F26675D9E002509FC /* InputByPickerTabView.swift in Sources */,
				2CB9641526675BD8002509FC /* InputVarietyView.swift in Sources */,
				2CB9642026675D9E002509FC /* InputByBarcodeReaderTabView.swift in Sources */,
				2CB9641A26675BD8002509FC /* ContentView.swift in Sources */,
				2CB963F6266742A3002509FC /* AppDelegate.swift in Sources */,
				2CB9641B26675BD8002509FC /* ShareData.swift in Sources */,
				2CB9641926675BD8002509FC /* LoadingIndicatorView.swift in Sources */,
				2CB963F8266742A3002509FC /* SceneDelegate.swift in Sources */,
				2CB9641726675BD8002509FC /* CustomTextField.swift in Sources */,
				2CB9642326686ABD002509FC /* CalculateCheckDigit.swift in Sources */,
			);
			runOnlyForDeploymentPostprocessing = 0;
		};
/* End PBXSourcesBuildPhase section */

/* Begin PBXVariantGroup section */
		2CB96400266742A5002509FC /* LaunchScreen.storyboard */ = {
			isa = PBXVariantGroup;
			children = (
				2CB96401266742A5002509FC /* Base */,
			);
			name = LaunchScreen.storyboard;
			sourceTree = "<group>";
		};
/* End PBXVariantGroup section */

/* Begin XCBuildConfiguration section */
		2CB96404266742A5002509FC /* Debug */ = {
			isa = XCBuildConfiguration;
			buildSettings = {
				ALWAYS_SEARCH_USER_PATHS = NO;
				CLANG_ANALYZER_NONNULL = YES;
				CLANG_ANALYZER_NUMBER_OBJECT_CONVERSION = YES_AGGRESSIVE;
				CLANG_CXX_LANGUAGE_STANDARD = "gnu++14";
				CLANG_CXX_LIBRARY = "libc++";
				CLANG_ENABLE_MODULES = YES;
				CLANG_ENABLE_OBJC_ARC = YES;
				CLANG_ENABLE_OBJC_WEAK = YES;
				CLANG_WARN_BLOCK_CAPTURE_AUTORELEASING = YES;
				CLANG_WARN_BOOL_CONVERSION = YES;
				CLANG_WARN_COMMA = YES;
				CLANG_WARN_CONSTANT_CONVERSION = YES;
				CLANG_WARN_DEPRECATED_OBJC_IMPLEMENTATIONS = YES;
				CLANG_WARN_DIRECT_OBJC_ISA_USAGE = YES_ERROR;
				CLANG_WARN_DOCUMENTATION_COMMENTS = YES;
				CLANG_WARN_EMPTY_BODY = YES;
				CLANG_WARN_ENUM_CONVERSION = YES;
				CLANG_WARN_INFINITE_RECURSION = YES;
				CLANG_WARN_INT_CONVERSION = YES;
				CLANG_WARN_NON_LITERAL_NULL_CONVERSION = YES;
				CLANG_WARN_OBJC_IMPLICIT_RETAIN_SELF = YES;
				CLANG_WARN_OBJC_LITERAL_CONVERSION = YES;
				CLANG_WARN_OBJC_ROOT_CLASS = YES_ERROR;
				CLANG_WARN_QUOTED_INCLUDE_IN_FRAMEWORK_HEADER = YES;
				CLANG_WARN_RANGE_LOOP_ANALYSIS = YES;
				CLANG_WARN_STRICT_PROTOTYPES = YES;
				CLANG_WARN_SUSPICIOUS_MOVE = YES;
				CLANG_WARN_UNGUARDED_AVAILABILITY = YES_AGGRESSIVE;
				CLANG_WARN_UNREACHABLE_CODE = YES;
				CLANG_WARN__DUPLICATE_METHOD_MATCH = YES;
				COPY_PHASE_STRIP = NO;
				DEBUG_INFORMATION_FORMAT = dwarf;
				ENABLE_STRICT_OBJC_MSGSEND = YES;
				ENABLE_TESTABILITY = YES;
				GCC_C_LANGUAGE_STANDARD = gnu11;
				GCC_DYNAMIC_NO_PIC = NO;
				GCC_NO_COMMON_BLOCKS = YES;
				GCC_OPTIMIZATION_LEVEL = 0;
				GCC_PREPROCESSOR_DEFINITIONS = (
					"DEBUG=1",
					"$(inherited)",
				);
				GCC_WARN_64_TO_32_BIT_CONVERSION = YES;
				GCC_WARN_ABOUT_RETURN_TYPE = YES_ERROR;
				GCC_WARN_UNDECLARED_SELECTOR = YES;
				GCC_WARN_UNINITIALIZED_AUTOS = YES_AGGRESSIVE;
				GCC_WARN_UNUSED_FUNCTION = YES;
				GCC_WARN_UNUSED_VARIABLE = YES;
				IPHONEOS_DEPLOYMENT_TARGET = 14.5;
				MTL_ENABLE_DEBUG_INFO = INCLUDE_SOURCE;
				MTL_FAST_MATH = YES;
				ONLY_ACTIVE_ARCH = YES;
				SDKROOT = iphoneos;
				SWIFT_ACTIVE_COMPILATION_CONDITIONS = DEBUG;
				SWIFT_OPTIMIZATION_LEVEL = "-Onone";
			};
			name = Debug;
		};
		2CB96405266742A5002509FC /* Release */ = {
			isa = XCBuildConfiguration;
			buildSettings = {
				ALWAYS_SEARCH_USER_PATHS = NO;
				CLANG_ANALYZER_NONNULL = YES;
				CLANG_ANALYZER_NUMBER_OBJECT_CONVERSION = YES_AGGRESSIVE;
				CLANG_CXX_LANGUAGE_STANDARD = "gnu++14";
				CLANG_CXX_LIBRARY = "libc++";
				CLANG_ENABLE_MODULES = YES;
				CLANG_ENABLE_OBJC_ARC = YES;
				CLANG_ENABLE_OBJC_WEAK = YES;
				CLANG_WARN_BLOCK_CAPTURE_AUTORELEASING = YES;
				CLANG_WARN_BOOL_CONVERSION = YES;
				CLANG_WARN_COMMA = YES;
				CLANG_WARN_CONSTANT_CONVERSION = YES;
				CLANG_WARN_DEPRECATED_OBJC_IMPLEMENTATIONS = YES;
				CLANG_WARN_DIRECT_OBJC_ISA_USAGE = YES_ERROR;
				CLANG_WARN_DOCUMENTATION_COMMENTS = YES;
				CLANG_WARN_EMPTY_BODY = YES;
				CLANG_WARN_ENUM_CONVERSION = YES;
				CLANG_WARN_INFINITE_RECURSION = YES;
				CLANG_WARN_INT_CONVERSION = YES;
				CLANG_WARN_NON_LITERAL_NULL_CONVERSION = YES;
				CLANG_WARN_OBJC_IMPLICIT_RETAIN_SELF = YES;
				CLANG_WARN_OBJC_LITERAL_CONVERSION = YES;
				CLANG_WARN_OBJC_ROOT_CLASS = YES_ERROR;
				CLANG_WARN_QUOTED_INCLUDE_IN_FRAMEWORK_HEADER = YES;
				CLANG_WARN_RANGE_LOOP_ANALYSIS = YES;
				CLANG_WARN_STRICT_PROTOTYPES = YES;
				CLANG_WARN_SUSPICIOUS_MOVE = YES;
				CLANG_WARN_UNGUARDED_AVAILABILITY = YES_AGGRESSIVE;
				CLANG_WARN_UNREACHABLE_CODE = YES;
				CLANG_WARN__DUPLICATE_METHOD_MATCH = YES;
				COPY_PHASE_STRIP = NO;
				DEBUG_INFORMATION_FORMAT = "dwarf-with-dsym";
				ENABLE_NS_ASSERTIONS = NO;
				ENABLE_STRICT_OBJC_MSGSEND = YES;
				GCC_C_LANGUAGE_STANDARD = gnu11;
				GCC_NO_COMMON_BLOCKS = YES;
				GCC_WARN_64_TO_32_BIT_CONVERSION = YES;
				GCC_WARN_ABOUT_RETURN_TYPE = YES_ERROR;
				GCC_WARN_UNDECLARED_SELECTOR = YES;
				GCC_WARN_UNINITIALIZED_AUTOS = YES_AGGRESSIVE;
				GCC_WARN_UNUSED_FUNCTION = YES;
				GCC_WARN_UNUSED_VARIABLE = YES;
				IPHONEOS_DEPLOYMENT_TARGET = 14.5;
				MTL_ENABLE_DEBUG_INFO = NO;
				MTL_FAST_MATH = YES;
				SDKROOT = iphoneos;
				SWIFT_COMPILATION_MODE = wholemodule;
				SWIFT_OPTIMIZATION_LEVEL = "-O";
				VALIDATE_PRODUCT = YES;
			};
			name = Release;
		};
		2CB96407266742A5002509FC /* Debug */ = {
			isa = XCBuildConfiguration;
			buildSettings = {
				ASSETCATALOG_COMPILER_APPICON_NAME = AppIcon;
				ASSETCATALOG_COMPILER_GLOBAL_ACCENT_COLOR_NAME = AccentColor;
				CODE_SIGN_STYLE = Automatic;
				DEVELOPMENT_ASSET_PATHS = "\"Tomato_Automatic_Aggregation/Preview Content\"";
				DEVELOPMENT_TEAM = GH5R2PKU3W;
				ENABLE_PREVIEWS = YES;
				INFOPLIST_FILE = Tomato_Automatic_Aggregation/Info.plist;
				LD_RUNPATH_SEARCH_PATHS = (
					"$(inherited)",
					"@executable_path/Frameworks",
				);
				PRODUCT_BUNDLE_IDENTIFIER = "TeraJun.Tomato-Automatic-Aggregation";
				PRODUCT_NAME = "$(TARGET_NAME)";
				SWIFT_VERSION = 5.0;
				TARGETED_DEVICE_FAMILY = "1,2";
			};
			name = Debug;
		};
		2CB96408266742A5002509FC /* Release */ = {
			isa = XCBuildConfiguration;
			buildSettings = {
				ASSETCATALOG_COMPILER_APPICON_NAME = AppIcon;
				ASSETCATALOG_COMPILER_GLOBAL_ACCENT_COLOR_NAME = AccentColor;
				CODE_SIGN_STYLE = Automatic;
				DEVELOPMENT_ASSET_PATHS = "\"Tomato_Automatic_Aggregation/Preview Content\"";
				DEVELOPMENT_TEAM = GH5R2PKU3W;
				ENABLE_PREVIEWS = YES;
				INFOPLIST_FILE = Tomato_Automatic_Aggregation/Info.plist;
				LD_RUNPATH_SEARCH_PATHS = (
					"$(inherited)",
					"@executable_path/Frameworks",
				);
				PRODUCT_BUNDLE_IDENTIFIER = "TeraJun.Tomato-Automatic-Aggregation";
				PRODUCT_NAME = "$(TARGET_NAME)";
				SWIFT_VERSION = 5.0;
				TARGETED_DEVICE_FAMILY = "1,2";
			};
			name = Release;
		};
/* End XCBuildConfiguration section */

/* Begin XCConfigurationList section */
		2CB963ED266742A3002509FC /* Build configuration list for PBXProject "Tomato_Automatic_Aggregation" */ = {
			isa = XCConfigurationList;
			buildConfigurations = (
				2CB96404266742A5002509FC /* Debug */,
				2CB96405266742A5002509FC /* Release */,
			);
			defaultConfigurationIsVisible = 0;
			defaultConfigurationName = Release;
		};
		2CB96406266742A5002509FC /* Build configuration list for PBXNativeTarget "Tomato_Automatic_Aggregation" */ = {
			isa = XCConfigurationList;
			buildConfigurations = (
				2CB96407266742A5002509FC /* Debug */,
				2CB96408266742A5002509FC /* Release */,
			);
			defaultConfigurationIsVisible = 0;
			defaultConfigurationName = Release;
		};
/* End XCConfigurationList section */
	};
	rootObject = 2CB963EA266742A3002509FC /* Project object */;
}
